
Microsoft Visual Studio Solution File, Format Version 12.00
# Visual Studio 2012
Project("{FAE04EC0-301F-11D3-BF4B-00C04F79EFBC}") = "RestDemo", "RestDemo\RestDemo.csproj", "{032EFE2D-90F1-428A-A2C0-6E858DD0BD07}"
EndProject
Project("{FAE04EC0-301F-11D3-BF4B-00C04F79EFBC}") = "RestDemo.Droid", "Droid\RestDemo.Droid.csproj", "{5E412E67-5DB5-426E-A2AC-E6451100E3DF}"
EndProject
Project("{FAE04EC0-301F-11D3-BF4B-00C04F79EFBC}") = "RestDemo.iOS", "iOS\RestDemo.iOS.csproj", "{BBA0C09E-1088-4AEC-A6A4-A7ACE55739B3}"
EndProject
Global
	GlobalSection(SolutionConfigurationPlatforms) = preSolution
		Debug|Any CPU = Debug|Any CPU
		Release|Any CPU = Release|Any CPU
		Debug|iPhoneSimulator = Debug|iPhoneSimulator
		Release|iPhone = Release|iPhone
		Release|iPhoneSimulator = Release|iPhoneSimulator
		Debug|iPhone = Debug|iPhone
	EndGlobalSection
	GlobalSection(ProjectConfigurationPlatforms) = postSolution
		{032EFE2D-90F1-428A-A2C0-6E858DD0BD07}.Debug|Any CPU.ActiveCfg = Debug|Any CPU
		{032EFE2D-90F1-428A-A2C0-6E858DD0BD07}.Debug|Any CPU.Build.0 = Debug|Any CPU
		{032EFE2D-90F1-428A-A2C0-6E858DD0BD07}.Release|Any CPU.ActiveCfg = Release|Any CPU
		{032EFE2D-90F1-428A-A2C0-6E858DD0BD07}.Release|Any CPU.Build.0 = Release|Any CPU
		{032EFE2D-90F1-428A-A2C0-6E858DD0BD07}.Debug|iPhoneSimulator.ActiveCfg = Debug|Any CPU
		{032EFE2D-90F1-428A-A2C0-6E858DD0BD07}.Debug|iPhoneSimulator.Build.0 = Debug|Any CPU
		{032EFE2D-90F1-428A-A2C0-6E858DD0BD07}.Release|iPhone.ActiveCfg = Release|Any CPU
		{032EFE2D-90F1-428A-A2C0-6E858DD0BD07}.Release|iPhone.Build.0 = Release|Any CPU
		{032EFE2D-90F1-428A-A2C0-6E858DD0BD07}.Release|iPhoneSimulator.ActiveCfg = Release|Any CPU
		{032EFE2D-90F1-428A-A2C0-6E858DD0BD07}.Release|iPhoneSimulator.Build.0 = Release|Any CPU
		{032EFE2D-90F1-428A-A2C0-6E858DD0BD07}.Debug|iPhone.ActiveCfg = Debug|Any CPU
		{032EFE2D-90F1-428A-A2C0-6E858DD0BD07}.Debug|iPhone.Build.0 = Debug|Any CPU
		{5E412E67-5DB5-426E-A2AC-E6451100E3DF}.Debug|Any CPU.ActiveCfg = Debug|Any CPU
		{5E412E67-5DB5-426E-A2AC-E6451100E3DF}.Debug|Any CPU.Build.0 = Debug|Any CPU
		{5E412E67-5DB5-426E-A2AC-E6451100E3DF}.Release|Any CPU.ActiveCfg = Release|Any CPU
		{5E412E67-5DB5-426E-A2AC-E6451100E3DF}.Release|Any CPU.Build.0 = Release|Any CPU
		{5E412E67-5DB5-426E-A2AC-E6451100E3DF}.Debug|iPhoneSimulator.ActiveCfg = Debug|Any CPU
		{5E412E67-5DB5-426E-A2AC-E6451100E3DF}.Debug|iPhoneSimulator.Build.0 = Debug|Any CPU
		{5E412E67-5DB5-426E-A2AC-E6451100E3DF}.Release|iPhone.ActiveCfg = Release|Any CPU
		{5E412E67-5DB5-426E-A2AC-E6451100E3DF}.Release|iPhone.Build.0 = Release|Any CPU
		{5E412E67-5DB5-426E-A2AC-E6451100E3DF}.Release|iPhoneSimulator.ActiveCfg = Release|Any CPU
		{5E412E67-5DB5-426E-A2AC-E6451100E3DF}.Release|iPhoneSimulator.Build.0 = Release|Any CPU
		{5E412E67-5DB5-426E-A2AC-E6451100E3DF}.Debug|iPhone.ActiveCfg = Debug|Any CPU
		{5E412E67-5DB5-426E-A2AC-E6451100E3DF}.Debug|iPhone.Build.0 = Debug|Any CPU
		{BBA0C09E-1088-4AEC-A6A4-A7ACE55739B3}.Debug|Any CPU.ActiveCfg = Debug|iPhoneSimulator
		{BBA0C09E-1088-4AEC-A6A4-A7ACE55739B3}.Debug|Any CPU.Build.0 = Debug|iPhoneSimulator
		{BBA0C09E-1088-4AEC-A6A4-A7ACE55739B3}.Release|Any CPU.ActiveCfg = Release|iPhone
		{BBA0C09E-1088-4AEC-A6A4-A7ACE55739B3}.Release|Any CPU.Build.0 = Release|iPhone
		{BBA0C09E-1088-4AEC-A6A4-A7ACE55739B3}.Debug|iPhoneSimulator.ActiveCfg = Debug|iPhoneSimulator
		{BBA0C09E-1088-4AEC-A6A4-A7ACE55739B3}.Debug|iPhoneSimulator.Build.0 = Debug|iPhoneSimulator
		{BBA0C09E-1088-4AEC-A6A4-A7ACE55739B3}.Release|iPhone.ActiveCfg = Release|iPhone
		{BBA0C09E-1088-4AEC-A6A4-A7ACE55739B3}.Release|iPhone.Build.0 = Release|iPhone
		{BBA0C09E-1088-4AEC-A6A4-A7ACE55739B3}.Release|iPhoneSimulator.ActiveCfg = Release|iPhoneSimulator
		{BBA0C09E-1088-4AEC-A6A4-A7ACE55739B3}.Release|iPhoneSimulator.Build.0 = Release|iPhoneSimulator
		{BBA0C09E-1088-4AEC-A6A4-A7ACE55739B3}.Debug|iPhone.ActiveCfg = Debug|iPhone
		{BBA0C09E-1088-4AEC-A6A4-A7ACE55739B3}.Debug|iPhone.Build.0 = Debug|iPhone
	EndGlobalSection
EndGlobal
